
Microsoft Visual Studio Solution File, Format Version 12.00
# Visual Studio 15
VisualStudioVersion = 15.0.28010.2026
MinimumVisualStudioVersion = 10.0.40219.1
Project("{FAE04EC0-301F-11D3-BF4B-00C04F79EFBC}") = "CardapioEletronico.Android", "CardapioEletronico\CardapioEletronico.Android\CardapioEletronico.Android.csproj", "{A758E090-27DB-46FE-936C-CA177B60449A}"
EndProject
Project("{FAE04EC0-301F-11D3-BF4B-00C04F79EFBC}") = "CardapioEletronico.iOS", "CardapioEletronico\CardapioEletronico.iOS\CardapioEletronico.iOS.csproj", "{C1028538-589F-47D1-9D0D-FC0EF045C0D1}"
EndProject
Project("{FAE04EC0-301F-11D3-BF4B-00C04F79EFBC}") = "CardapioEletronico", "CardapioEletronico\CardapioEletronico\CardapioEletronico.csproj", "{E952F269-3521-4D32-91AD-8B1FB86A267E}"
EndProject
Global
	GlobalSection(SolutionConfigurationPlatforms) = preSolution
		Ad-Hoc|Any CPU = Ad-Hoc|Any CPU
		Ad-Hoc|iPhone = Ad-Hoc|iPhone
		Ad-Hoc|iPhoneSimulator = Ad-Hoc|iPhoneSimulator
		AppStore|Any CPU = AppStore|Any CPU
		AppStore|iPhone = AppStore|iPhone
		AppStore|iPhoneSimulator = AppStore|iPhoneSimulator
		Debug|Any CPU = Debug|Any CPU
		Debug|iPhone = Debug|iPhone
		Debug|iPhoneSimulator = Debug|iPhoneSimulator
		Release|Any CPU = Release|Any CPU
		Release|iPhone = Release|iPhone
		Release|iPhoneSimulator = Release|iPhoneSimulator
	EndGlobalSection
	GlobalSection(ProjectConfigurationPlatforms) = postSolution
		{A758E090-27DB-46FE-936C-CA177B60449A}.Ad-Hoc|Any CPU.ActiveCfg = Release|Any CPU
		{A758E090-27DB-46FE-936C-CA177B60449A}.Ad-Hoc|Any CPU.Build.0 = Release|Any CPU
		{A758E090-27DB-46FE-936C-CA177B60449A}.Ad-Hoc|Any CPU.Deploy.0 = Release|Any CPU
		{A758E090-27DB-46FE-936C-CA177B60449A}.Ad-Hoc|iPhone.ActiveCfg = Release|Any CPU
		{A758E090-27DB-46FE-936C-CA177B60449A}.Ad-Hoc|iPhone.Build.0 = Release|Any CPU
		{A758E090-27DB-46FE-936C-CA177B60449A}.Ad-Hoc|iPhone.Deploy.0 = Release|Any CPU
		{A758E090-27DB-46FE-936C-CA177B60449A}.Ad-Hoc|iPhoneSimulator.ActiveCfg = Release|Any CPU
		{A758E090-27DB-46FE-936C-CA177B60449A}.Ad-Hoc|iPhoneSimulator.Build.0 = Release|Any CPU
		{A758E090-27DB-46FE-936C-CA177B60449A}.Ad-Hoc|iPhoneSimulator.Deploy.0 = Release|Any CPU
		{A758E090-27DB-46FE-936C-CA177B60449A}.AppStore|Any CPU.ActiveCfg = Release|Any CPU
		{A758E090-27DB-46FE-936C-CA177B60449A}.AppStore|Any CPU.Build.0 = Release|Any CPU
		{A758E090-27DB-46FE-936C-CA177B60449A}.AppStore|Any CPU.Deploy.0 = Release|Any CPU
		{A758E090-27DB-46FE-936C-CA177B60449A}.AppStore|iPhone.ActiveCfg = Release|Any CPU
		{A758E090-27DB-46FE-936C-CA177B60449A}.AppStore|iPhone.Build.0 = Release|Any CPU
		{A758E090-27DB-46FE-936C-CA177B60449A}.AppStore|iPhone.Deploy.0 = Release|Any CPU
		{A758E090-27DB-46FE-936C-CA177B60449A}.AppStore|iPhoneSimulator.ActiveCfg = Release|Any CPU
		{A758E090-27DB-46FE-936C-CA177B60449A}.AppStore|iPhoneSimulator.Build.0 = Release|Any CPU
		{A758E090-27DB-46FE-936C-CA177B60449A}.AppStore|iPhoneSimulator.Deploy.0 = Release|Any CPU
		{A758E090-27DB-46FE-936C-CA177B60449A}.Debug|Any CPU.ActiveCfg = Debug|Any CPU
		{A758E090-27DB-46FE-936C-CA177B60449A}.Debug|Any CPU.Build.0 = Debug|Any CPU
		{A758E090-27DB-46FE-936C-CA177B60449A}.Debug|Any CPU.Deploy.0 = Debug|Any CPU
		{A758E090-27DB-46FE-936C-CA177B60449A}.Debug|iPhone.ActiveCfg = Debug|Any CPU
		{A758E090-27DB-46FE-936C-CA177B60449A}.Debug|iPhone.Build.0 = Debug|Any CPU
		{A758E090-27DB-46FE-936C-CA177B60449A}.Debug|iPhone.Deploy.0 = Debug|Any CPU
		{A758E090-27DB-46FE-936C-CA177B60449A}.Debug|iPhoneSimulator.ActiveCfg = Debug|Any CPU
		{A758E090-27DB-46FE-936C-CA177B60449A}.Debug|iPhoneSimulator.Build.0 = Debug|Any CPU
		{A758E090-27DB-46FE-936C-CA177B60449A}.Debug|iPhoneSimulator.Deploy.0 = Debug|Any CPU
		{A758E090-27DB-46FE-936C-CA177B60449A}.Release|Any CPU.ActiveCfg = Release|Any CPU
		{A758E090-27DB-46FE-936C-CA177B60449A}.Release|Any CPU.Build.0 = Release|Any CPU
		{A758E090-27DB-46FE-936C-CA177B60449A}.Release|Any CPU.Deploy.0 = Release|Any CPU
		{A758E090-27DB-46FE-936C-CA177B60449A}.Release|iPhone.ActiveCfg = Release|Any CPU
		{A758E090-27DB-46FE-936C-CA177B60449A}.Release|iPhone.Build.0 = Release|Any CPU
		{A758E090-27DB-46FE-936C-CA177B60449A}.Release|iPhone.Deploy.0 = Release|Any CPU
		{A758E090-27DB-46FE-936C-CA177B60449A}.Release|iPhoneSimulator.ActiveCfg = Release|Any CPU
		{A758E090-27DB-46FE-936C-CA177B60449A}.Release|iPhoneSimulator.Build.0 = Release|Any CPU
		{A758E090-27DB-46FE-936C-CA177B60449A}.Release|iPhoneSimulator.Deploy.0 = Release|Any CPU
		{C1028538-589F-47D1-9D0D-FC0EF045C0D1}.Ad-Hoc|Any CPU.ActiveCfg = Ad-Hoc|iPhone
		{C1028538-589F-47D1-9D0D-FC0EF045C0D1}.Ad-Hoc|Any CPU.Build.0 = Ad-Hoc|iPhone
		{C1028538-589F-47D1-9D0D-FC0EF045C0D1}.Ad-Hoc|Any CPU.Deploy.0 = Ad-Hoc|iPhone
		{C1028538-589F-47D1-9D0D-FC0EF045C0D1}.Ad-Hoc|iPhone.ActiveCfg = Ad-Hoc|iPhone
		{C1028538-589F-47D1-9D0D-FC0EF045C0D1}.Ad-Hoc|iPhone.Build.0 = Ad-Hoc|iPhone
		{C1028538-589F-47D1-9D0D-FC0EF045C0D1}.Ad-Hoc|iPhone.Deploy.0 = Ad-Hoc|iPhone
		{C1028538-589F-47D1-9D0D-FC0EF045C0D1}.Ad-Hoc|iPhoneSimulator.ActiveCfg = Ad-Hoc|iPhoneSimulator
		{C1028538-589F-47D1-9D0D-FC0EF045C0D1}.Ad-Hoc|iPhoneSimulator.Build.0 = Ad-Hoc|iPhoneSimulator
		{C1028538-589F-47D1-9D0D-FC0EF045C0D1}.Ad-Hoc|iPhoneSimulator.Deploy.0 = Ad-Hoc|iPhoneSimulator
		{C1028538-589F-47D1-9D0D-FC0EF045C0D1}.AppStore|Any CPU.ActiveCfg = AppStore|iPhone
		{C1028538-589F-47D1-9D0D-FC0EF045C0D1}.AppStore|Any CPU.Build.0 = AppStore|iPhone
		{C1028538-589F-47D1-9D0D-FC0EF045C0D1}.AppStore|Any CPU.Deploy.0 = AppStore|iPhone
		{C1028538-589F-47D1-9D0D-FC0EF045C0D1}.AppStore|iPhone.ActiveCfg = AppStore|iPhone
		{C1028538-589F-47D1-9D0D-FC0EF045C0D1}.AppStore|iPhone.Build.0 = AppStore|iPhone
		{C1028538-589F-47D1-9D0D-FC0EF045C0D1}.AppStore|iPhone.Deploy.0 = AppStore|iPhone
		{C1028538-589F-47D1-9D0D-FC0EF045C0D1}.AppStore|iPhoneSimulator.ActiveCfg = AppStore|iPhoneSimulator
		{C1028538-589F-47D1-9D0D-FC0EF045C0D1}.AppStore|iPhoneSimulator.Build.0 = AppStore|iPhoneSimulator
		{C1028538-589F-47D1-9D0D-FC0EF045C0D1}.AppStore|iPhoneSimulator.Deploy.0 = AppStore|iPhoneSimulator
		{C1028538-589F-47D1-9D0D-FC0EF045C0D1}.Debug|Any CPU.ActiveCfg = Debug|iPhoneSimulator
		{C1028538-589F-47D1-9D0D-FC0EF045C0D1}.Debug|Any CPU.Build.0 = Debug|iPhoneSimulator
		{C1028538-589F-47D1-9D0D-FC0EF045C0D1}.Debug|Any CPU.Deploy.0 = Debug|iPhoneSimulator
		{C1028538-589F-47D1-9D0D-FC0EF045C0D1}.Debug|iPhone.ActiveCfg = Debug|iPhone
		{C1028538-589F-47D1-9D0D-FC0EF045C0D1}.Debug|iPhone.Build.0 = Debug|iPhone
		{C1028538-589F-47D1-9D0D-FC0EF045C0D1}.Debug|iPhone.Deploy.0 = Debug|iPhone
		{C1028538-589F-47D1-9D0D-FC0EF045C0D1}.Debug|iPhoneSimulator.ActiveCfg = Debug|iPhoneSimulator
		{C1028538-589F-47D1-9D0D-FC0EF045C0D1}.Debug|iPhoneSimulator.Build.0 = Debug|iPhoneSimulator
		{C1028538-589F-47D1-9D0D-FC0EF045C0D1}.Debug|iPhoneSimulator.Deploy.0 = Debug|iPhoneSimulator
		{C1028538-589F-47D1-9D0D-FC0EF045C0D1}.Release|Any CPU.ActiveCfg = Release|iPhone
		{C1028538-589F-47D1-9D0D-FC0EF045C0D1}.Release|Any CPU.Build.0 = Release|iPhone
		{C1028538-589F-47D1-9D0D-FC0EF045C0D1}.Release|Any CPU.Deploy.0 = Release|iPhone
		{C1028538-589F-47D1-9D0D-FC0EF045C0D1}.Release|iPhone.ActiveCfg = Release|iPhone
		{C1028538-589F-47D1-9D0D-FC0EF045C0D1}.Release|iPhone.Build.0 = Release|iPhone
		{C1028538-589F-47D1-9D0D-FC0EF045C0D1}.Release|iPhone.Deploy.0 = Release|iPhone
		{C1028538-589F-47D1-9D0D-FC0EF045C0D1}.Release|iPhoneSimulator.ActiveCfg = Release|iPhoneSimulator
		{C1028538-589F-47D1-9D0D-FC0EF045C0D1}.Release|iPhoneSimulator.Build.0 = Release|iPhoneSimulator
		{C1028538-589F-47D1-9D0D-FC0EF045C0D1}.Release|iPhoneSimulator.Deploy.0 = Release|iPhoneSimulator
		{E952F269-3521-4D32-91AD-8B1FB86A267E}.Ad-Hoc|Any CPU.ActiveCfg = Debug|Any CPU
		{E952F269-3521-4D32-91AD-8B1FB86A267E}.Ad-Hoc|Any CPU.Build.0 = Debug|Any CPU
		{E952F269-3521-4D32-91AD-8B1FB86A267E}.Ad-Hoc|Any CPU.Deploy.0 = Debug|Any CPU
		{E952F269-3521-4D32-91AD-8B1FB86A267E}.Ad-Hoc|iPhone.ActiveCfg = Debug|Any CPU
		{E952F269-3521-4D32-91AD-8B1FB86A267E}.Ad-Hoc|iPhone.Build.0 = Debug|Any CPU
		{E952F269-3521-4D32-91AD-8B1FB86A267E}.Ad-Hoc|iPhone.Deploy.0 = Debug|Any CPU
		{E952F269-3521-4D32-91AD-8B1FB86A267E}.Ad-Hoc|iPhoneSimulator.ActiveCfg = Debug|Any CPU
		{E952F269-3521-4D32-91AD-8B1FB86A267E}.Ad-Hoc|iPhoneSimulator.Build.0 = Debug|Any CPU
		{E952F269-3521-4D32-91AD-8B1FB86A267E}.Ad-Hoc|iPhoneSimulator.Deploy.0 = Debug|Any CPU
		{E952F269-3521-4D32-91AD-8B1FB86A267E}.AppStore|Any CPU.ActiveCfg = Debug|Any CPU
		{E952F269-3521-4D32-91AD-8B1FB86A267E}.AppStore|Any CPU.Build.0 = Debug|Any CPU
		{E952F269-3521-4D32-91AD-8B1FB86A267E}.AppStore|Any CPU.Deploy.0 = Debug|Any CPU
		{E952F269-3521-4D32-91AD-8B1FB86A267E}.AppStore|iPhone.ActiveCfg = Debug|Any CPU
		{E952F269-3521-4D32-91AD-8B1FB86A267E}.AppStore|iPhone.Build.0 = Debug|Any CPU
		{E952F269-3521-4D32-91AD-8B1FB86A267E}.AppStore|iPhone.Deploy.0 = Debug|Any CPU
		{E952F269-3521-4D32-91AD-8B1FB86A267E}.AppStore|iPhoneSimulator.ActiveCfg = Debug|Any CPU
		{E952F269-3521-4D32-91AD-8B1FB86A267E}.AppStore|iPhoneSimulator.Build.0 = Debug|Any CPU
		{E952F269-3521-4D32-91AD-8B1FB86A267E}.AppStore|iPhoneSimulator.Deploy.0 = Debug|Any CPU
		{E952F269-3521-4D32-91AD-8B1FB86A267E}.Debug|Any CPU.ActiveCfg = Debug|Any CPU
		{E952F269-3521-4D32-91AD-8B1FB86A267E}.Debug|Any CPU.Build.0 = Debug|Any CPU
		{E952F269-3521-4D32-91AD-8B1FB86A267E}.Debug|Any CPU.Deploy.0 = Debug|Any CPU
		{E952F269-3521-4D32-91AD-8B1FB86A267E}.Debug|iPhone.ActiveCfg = Debug|Any CPU
		{E952F269-3521-4D32-91AD-8B1FB86A267E}.Debug|iPhone.Build.0 = Debug|Any CPU
		{E952F269-3521-4D32-91AD-8B1FB86A267E}.Debug|iPhone.Deploy.0 = Debug|Any CPU
		{E952F269-3521-4D32-91AD-8B1FB86A267E}.Debug|iPhoneSimulator.ActiveCfg = Debug|Any CPU
		{E952F269-3521-4D32-91AD-8B1FB86A267E}.Debug|iPhoneSimulator.Build.0 = Debug|Any CPU
		{E952F269-3521-4D32-91AD-8B1FB86A267E}.Debug|iPhoneSimulator.Deploy.0 = Debug|Any CPU
		{E952F269-3521-4D32-91AD-8B1FB86A267E}.Release|Any CPU.ActiveCfg = Release|Any CPU
		{E952F269-3521-4D32-91AD-8B1FB86A267E}.Release|Any CPU.Build.0 = Release|Any CPU
		{E952F269-3521-4D32-91AD-8B1FB86A267E}.Release|Any CPU.Deploy.0 = Release|Any CPU
		{E952F269-3521-4D32-91AD-8B1FB86A267E}.Release|iPhone.ActiveCfg = Release|Any CPU
		{E952F269-3521-4D32-91AD-8B1FB86A267E}.Release|iPhone.Build.0 = Release|Any CPU
		{E952F269-3521-4D32-91AD-8B1FB86A267E}.Release|iPhone.Deploy.0 = Release|Any CPU
		{E952F269-3521-4D32-91AD-8B1FB86A267E}.Release|iPhoneSimulator.ActiveCfg = Release|Any CPU
		{E952F269-3521-4D32-91AD-8B1FB86A267E}.Release|iPhoneSimulator.Build.0 = Release|Any CPU
		{E952F269-3521-4D32-91AD-8B1FB86A267E}.Release|iPhoneSimulator.Deploy.0 = Release|Any CPU
	EndGlobalSection
	GlobalSection(SolutionProperties) = preSolution
		HideSolutionNode = FALSE
	EndGlobalSection
	GlobalSection(ExtensibilityGlobals) = postSolution
		SolutionGuid = {28A95D24-2A93-49AF-9E47-BDE7003AA316}
	EndGlobalSection
EndGlobal
